
Microsoft Visual Studio Solution File, Format Version 12.00
# Visual Studio Version 16
VisualStudioVersion = 16.0.32901.82
MinimumVisualStudioVersion = 10.0.40219.1
Project("{FAE04EC0-301F-11D3-BF4B-00C04F79EFBC}") = "EmployeeManagementSystem", "EmployeeManagementSystem\EmployeeManagementSystem.csproj", "{6C7DAF6B-9712-48EE-B405-C746F1E3043D}"
EndProject
Global
	GlobalSection(SolutionConfigurationPlatforms) = preSolution
		Debug|Any CPU = Debug|Any CPU
		Release|Any CPU = Release|Any CPU
	EndGlobalSection
	GlobalSection(ProjectConfigurationPlatforms) = postSolution
		{6C7DAF6B-9712-48EE-B405-C746F1E3043D}.Debug|Any CPU.ActiveCfg = Debug|Any CPU
		{6C7DAF6B-9712-48EE-B405-C746F1E3043D}.Debug|Any CPU.Build.0 = Debug|Any CPU
		{6C7DAF6B-9712-48EE-B405-C746F1E3043D}.Release|Any CPU.ActiveCfg = Release|Any CPU
		{6C7DAF6B-9712-48EE-B405-C746F1E3043D}.Release|Any CPU.Build.0 = Release|Any CPU
	EndGlobalSection
	GlobalSection(SolutionProperties) = preSolution
		HideSolutionNode = FALSE
	EndGlobalSection
	GlobalSection(ExtensibilityGlobals) = postSolution
		SolutionGuid = {5A66CD00-6526-4E1B-8FA9-E7DCD9808D9F}
	EndGlobalSection
EndGlobal
